{
  "name": "react-native-emoji-selector",
  "version": "0.2.0",
  "lockfileVersion": 2,
  "requires": true,
  "packages": {
    "": {
      "version": "0.2.0",
      "license": "MIT",
      "dependencies": {
        "emoji-datasource-twitter": "^6.0.0"
      }
    },
    "node_modules/emoji-datasource-twitter": {
      "version": "6.1.1",
      "resolved": "https://registry.npmjs.org/emoji-datasource-twitter/-/emoji-datasource-twitter-6.1.1.tgz",
      "integrity": "sha512-YUWM23JftMUx4hU38xw8AgCcootdtVw/PgV85g2P/Vt/uhkQALUzM/0mYbzTgJzEsekDbJ7JdsObHh1BMZovSA=="
    }
  },
  "dependencies": {
    "emoji-datasource-twitter": {
      "version": "6.1.1",
      "resolved": "https://registry.npmjs.org/emoji-datasource-twitter/-/emoji-datasource-twitter-6.1.1.tgz",
      "integrity": "sha512-YUWM23JftMUx4hU38xw8AgCcootdtVw/PgV85g2P/Vt/uhkQALUzM/0mYbzTgJzEsekDbJ7JdsObHh1BMZovSA=="
    }
  }
}
